// !$*UTF8*$!
{
	archiveVersion = 1;
	classes = {
	};
	objectVersion = 46;
	objects = {

/* Begin PBXBuildFile section */
		BB7B866D188E0EA500D0AFA4 /* Foundation.framework in Frameworks */ = {isa = PBXBuildFile; fileRef = BB7B866C188E0EA500D0AFA4 /* Foundation.framework */; };
		BB7B866F188E0EA500D0AFA4 /* CoreGraphics.framework in Frameworks */ = {isa = PBXBuildFile; fileRef = BB7B866E188E0EA500D0AFA4 /* CoreGraphics.framework */; };
		BB7B8671188E0EA500D0AFA4 /* UIKit.framework in Frameworks */ = {isa = PBXBuildFile; fileRef = BB7B8670188E0EA500D0AFA4 /* UIKit.framework */; };
		BB7B8677188E0EA500D0AFA4 /* InfoPlist.strings in Resources */ = {isa = PBXBuildFile; fileRef = BB7B8675188E0EA500D0AFA4 /* InfoPlist.strings */; };
		BB7B8679188E0EA500D0AFA4 /* main.m in Sources */ = {isa = PBXBuildFile; fileRef = BB7B8678188E0EA500D0AFA4 /* main.m */; };
		BB7B867D188E0EA500D0AFA4 /* MyFirstAppAppDelegate.m in Sources */ = {isa = PBXBuildFile; fileRef = BB7B867C188E0EA500D0AFA4 /* MyFirstAppAppDelegate.m */; };
		BB7B8680188E0EA500D0AFA4 /* Main.storyboard in Resources */ = {isa = PBXBuildFile; fileRef = BB7B867E188E0EA500D0AFA4 /* Main.storyboard */; };
		BB7B8683188E0EA500D0AFA4 /* MyFirstAppViewController.m in Sources */ = {isa = PBXBuildFile; fileRef = BB7B8682188E0EA500D0AFA4 /* MyFirstAppViewController.m */; };
		BB7B8685188E0EA500D0AFA4 /* Images.xcassets in Resources */ = {isa = PBXBuildFile; fileRef = BB7B8684188E0EA500D0AFA4 /* Images.xcassets */; };
		BB7B868C188E0EA500D0AFA4 /* XCTest.framework in Frameworks */ = {isa = PBXBuildFile; fileRef = BB7B868B188E0EA500D0AFA4 /* XCTest.framework */; };
		BB7B868D188E0EA500D0AFA4 /* Foundation.framework in Frameworks */ = {isa = PBXBuildFile; fileRef = BB7B866C188E0EA500D0AFA4 /* Foundation.framework */; };
		BB7B868E188E0EA500D0AFA4 /* UIKit.framework in Frameworks */ = {isa = PBXBuildFile; fileRef = BB7B8670188E0EA500D0AFA4 /* UIKit.framework */; };
		BB7B8696188E0EA500D0AFA4 /* InfoPlist.strings in Resources */ = {isa = PBXBuildFile; fileRef = BB7B8694188E0EA500D0AFA4 /* InfoPlist.strings */; };
		BB7B8698188E0EA500D0AFA4 /* MyFirstAppTests.m in Sources */ = {isa = PBXBuildFile; fileRef = BB7B8697188E0EA500D0AFA4 /* MyFirstAppTests.m */; };
/* End PBXBuildFile section */

/* Begin PBXContainerItemProxy section */
		BB7B868F188E0EA500D0AFA4 /* PBXContainerItemProxy */ = {
			isa = PBXContainerItemProxy;
			containerPortal = BB7B8661188E0EA500D0AFA4 /* Project object */;
			proxyType = 1;
			remoteGlobalIDString = BB7B8668188E0EA500D0AFA4;
			remoteInfo = MyFirstApp;
		};
/* End PBXContainerItemProxy section */

/* Begin PBXFileReference section */
		BB7B8669188E0EA500D0AFA4 /* MyFirstApp.app */ = {isa = PBXFileReference; explicitFileType = wrapper.application; includeInIndex = 0; path = MyFirstApp.app; sourceTree = BUILT_PRODUCTS_DIR; };
		BB7B866C188E0EA500D0AFA4 /* Foundation.framework */ = {isa = PBXFileReference; lastKnownFileType = wrapper.framework; name = Foundation.framework; path = System/Library/Frameworks/Foundation.framework; sourceTree = SDKROOT; };
		BB7B866E188E0EA500D0AFA4 /* CoreGraphics.framework */ = {isa = PBXFileReference; lastKnownFileType = wrapper.framework; name = CoreGraphics.framework; path = System/Library/Frameworks/CoreGraphics.framework; sourceTree = SDKROOT; };
		BB7B8670188E0EA500D0AFA4 /* UIKit.framework */ = {isa = PBXFileReference; lastKnownFileType = wrapper.framework; name = UIKit.framework; path = System/Library/Frameworks/UIKit.framework; sourceTree = SDKROOT; };
		BB7B8674188E0EA500D0AFA4 /* MyFirstApp-Info.plist */ = {isa = PBXFileReference; lastKnownFileType = text.plist.xml; path = "MyFirstApp-Info.plist"; sourceTree = "<group>"; };
		BB7B8676188E0EA500D0AFA4 /* en */ = {isa = PBXFileReference; lastKnownFileType = text.plist.strings; name = en; path = en.lproj/InfoPlist.strings; sourceTree = "<group>"; };
		BB7B8678188E0EA500D0AFA4 /* main.m */ = {isa = PBXFileReference; lastKnownFileType = sourcecode.c.objc; path = main.m; sourceTree = "<group>"; };
		BB7B867A188E0EA500D0AFA4 /* MyFirstApp-Prefix.pch */ = {isa = PBXFileReference; lastKnownFileType = sourcecode.c.h; path = "MyFirstApp-Prefix.pch"; sourceTree = "<group>"; };
		BB7B867B188E0EA500D0AFA4 /* MyFirstAppAppDelegate.h */ = {isa = PBXFileReference; lastKnownFileType = sourcecode.c.h; path = MyFirstAppAppDelegate.h; sourceTree = "<group>"; };
		BB7B867C188E0EA500D0AFA4 /* MyFirstAppAppDelegate.m */ = {isa = PBXFileReference; lastKnownFileType = sourcecode.c.objc; path = MyFirstAppAppDelegate.m; sourceTree = "<group>"; };
		BB7B867F188E0EA500D0AFA4 /* Base */ = {isa = PBXFileReference; lastKnownFileType = file.storyboard; name = Base; path = Base.lproj/Main.storyboard; sourceTree = "<group>"; };
		BB7B8681188E0EA500D0AFA4 /* MyFirstAppViewController.h */ = {isa = PBXFileReference; lastKnownFileType = sourcecode.c.h; path = MyFirstAppViewController.h; sourceTree = "<group>"; };
		BB7B8682188E0EA500D0AFA4 /* MyFirstAppViewController.m */ = {isa = PBXFileReference; lastKnownFileType = sourcecode.c.objc; path = MyFirstAppViewController.m; sourceTree = "<group>"; };
		BB7B8684188E0EA500D0AFA4 /* Images.xcassets */ = {isa = PBXFileReference; lastKnownFileType = folder.assetcatalog; path = Images.xcassets; sourceTree = "<group>"; };
		BB7B868A188E0EA500D0AFA4 /* MyFirstAppTests.xctest */ = {isa = PBXFileReference; explicitFileType = wrapper.cfbundle; includeInIndex = 0; path = MyFirstAppTests.xctest; sourceTree = BUILT_PRODUCTS_DIR; };
		BB7B868B188E0EA500D0AFA4 /* XCTest.framework */ = {isa = PBXFileReference; lastKnownFileType = wrapper.framework; name = XCTest.framework; path = Library/Frameworks/XCTest.framework; sourceTree = DEVELOPER_DIR; };
		BB7B8693188E0EA500D0AFA4 /* MyFirstAppTests-Info.plist */ = {isa = PBXFileReference; lastKnownFileType = text.plist.xml; path = "MyFirstAppTests-Info.plist"; sourceTree = "<group>"; };
		BB7B8695188E0EA500D0AFA4 /* en */ = {isa = PBXFileReference; lastKnownFileType = text.plist.strings; name = en; path = en.lproj/InfoPlist.strings; sourceTree = "<group>"; };
		BB7B8697188E0EA500D0AFA4 /* MyFirstAppTests.m */ = {isa = PBXFileReference; lastKnownFileType = sourcecode.c.objc; path = MyFirstAppTests.m; sourceTree = "<group>"; };
/* End PBXFileReference section */

/* Begin PBXFrameworksBuildPhase section */
		BB7B8666188E0EA500D0AFA4 /* Frameworks */ = {
			isa = PBXFrameworksBuildPhase;
			buildActionMask = 2147483647;
			files = (
				BB7B866F188E0EA500D0AFA4 /* CoreGraphics.framework in Frameworks */,
				BB7B8671188E0EA500D0AFA4 /* UIKit.framework in Frameworks */,
				BB7B866D188E0EA500D0AFA4 /* Foundation.framework in Frameworks */,
			);
			runOnlyForDeploymentPostprocessing = 0;
		};
		BB7B8687188E0EA500D0AFA4 /* Frameworks */ = {
			isa = PBXFrameworksBuildPhase;
			buildActionMask = 2147483647;
			files = (
				BB7B868C188E0EA500D0AFA4 /* XCTest.framework in Frameworks */,
				BB7B868E188E0EA500D0AFA4 /* UIKit.framework in Frameworks */,
				BB7B868D188E0EA500D0AFA4 /* Foundation.framework in Frameworks */,
			);
			runOnlyForDeploymentPostprocessing = 0;
		};
/* End PBXFrameworksBuildPhase section */

/* Begin PBXGroup section */
		BB7B8660188E0EA500D0AFA4 = {
			isa = PBXGroup;
			children = (
				BB7B8672188E0EA500D0AFA4 /* MyFirstApp */,
				BB7B8691188E0EA500D0AFA4 /* MyFirstAppTests */,
				BB7B866B188E0EA500D0AFA4 /* Frameworks */,
				BB7B866A188E0EA500D0AFA4 /* Products */,
			);
			sourceTree = "<group>";
		};
		BB7B866A188E0EA500D0AFA4 /* Products */ = {
			isa = PBXGroup;
			children = (
				BB7B8669188E0EA500D0AFA4 /* MyFirstApp.app */,
				BB7B868A188E0EA500D0AFA4 /* MyFirstAppTests.xctest */,
			);
			name = Products;
			sourceTree = "<group>";
		};
		BB7B866B188E0EA500D0AFA4 /* Frameworks */ = {
			isa = PBXGroup;
			children = (
				BB7B866C188E0EA500D0AFA4 /* Foundation.framework */,
				BB7B866E188E0EA500D0AFA4 /* CoreGraphics.framework */,
				BB7B8670188E0EA500D0AFA4 /* UIKit.framework */,
				BB7B868B188E0EA500D0AFA4 /* XCTest.framework */,
			);
			name = Frameworks;
			sourceTree = "<group>";
		};
		BB7B8672188E0EA500D0AFA4 /* MyFirstApp */ = {
			isa = PBXGroup;
			children = (
				BB7B867B188E0EA500D0AFA4 /* MyFirstAppAppDelegate.h */,
				BB7B867C188E0EA500D0AFA4 /* MyFirstAppAppDelegate.m */,
				BB7B867E188E0EA500D0AFA4 /* Main.storyboard */,
				BB7B8681188E0EA500D0AFA4 /* MyFirstAppViewController.h */,
				BB7B8682188E0EA500D0AFA4 /* MyFirstAppViewController.m */,
				BB7B8684188E0EA500D0AFA4 /* Images.xcassets */,
				BB7B8673188E0EA500D0AFA4 /* Supporting Files */,
			);
			path = MyFirstApp;
			sourceTree = "<group>";
		};
		BB7B8673188E0EA500D0AFA4 /* Supporting Files */ = {
			isa = PBXGroup;
			children = (
				BB7B8674188E0EA500D0AFA4 /* MyFirstApp-Info.plist */,
				BB7B8675188E0EA500D0AFA4 /* InfoPlist.strings */,
				BB7B8678188E0EA500D0AFA4 /* main.m */,
				BB7B867A188E0EA500D0AFA4 /* MyFirstApp-Prefix.pch */,
			);
			name = "Supporting Files";
			sourceTree = "<group>";
		};
		BB7B8691188E0EA500D0AFA4 /* MyFirstAppTests */ = {
			isa = PBXGroup;
			children = (
				BB7B8697188E0EA500D0AFA4 /* MyFirstAppTests.m */,
				BB7B8692188E0EA500D0AFA4 /* Supporting Files */,
			);
			path = MyFirstAppTests;
			sourceTree = "<group>";
		};
		BB7B8692188E0EA500D0AFA4 /* Supporting Files */ = {
			isa = PBXGroup;
			children = (
				BB7B8693188E0EA500D0AFA4 /* MyFirstAppTests-Info.plist */,
				BB7B8694188E0EA500D0AFA4 /* InfoPlist.strings */,
			);
			name = "Supporting Files";
			sourceTree = "<group>";
		};
/* End PBXGroup section */

/* Begin PBXNativeTarget section */
		BB7B8668188E0EA500D0AFA4 /* MyFirstApp */ = {
			isa = PBXNativeTarget;
			buildConfigurationList = BB7B869B188E0EA500D0AFA4 /* Build configuration list for PBXNativeTarget "MyFirstApp" */;
			buildPhases = (
				BB7B8665188E0EA500D0AFA4 /* Sources */,
				BB7B8666188E0EA500D0AFA4 /* Frameworks */,
				BB7B8667188E0EA500D0AFA4 /* Resources */,
			);
			buildRules = (
			);
			dependencies = (
			);
			name = MyFirstApp;
			productName = MyFirstApp;
			productReference = BB7B8669188E0EA500D0AFA4 /* MyFirstApp.app */;
			productType = "com.apple.product-type.application";
		};
		BB7B8689188E0EA500D0AFA4 /* MyFirstAppTests */ = {
			isa = PBXNativeTarget;
			buildConfigurationList = BB7B869E188E0EA500D0AFA4 /* Build configuration list for PBXNativeTarget "MyFirstAppTests" */;
			buildPhases = (
				BB7B8686188E0EA500D0AFA4 /* Sources */,
				BB7B8687188E0EA500D0AFA4 /* Frameworks */,
				BB7B8688188E0EA500D0AFA4 /* Resources */,
			);
			buildRules = (
			);
			dependencies = (
				BB7B8690188E0EA500D0AFA4 /* PBXTargetDependency */,
			);
			name = MyFirstAppTests;
			productName = MyFirstAppTests;
			productReference = BB7B868A188E0EA500D0AFA4 /* MyFirstAppTests.xctest */;
			productType = "com.apple.product-type.bundle.unit-test";
		};
/* End PBXNativeTarget section */

/* Begin PBXProject section */
		BB7B8661188E0EA500D0AFA4 /* Project object */ = {
			isa = PBXProject;
			attributes = {
				CLASSPREFIX = MyFirstApp;
				LastUpgradeCheck = 0500;
				ORGANIZATIONNAME = "Konnor Krupp";
				TargetAttributes = {
					BB7B8689188E0EA500D0AFA4 = {
						TestTargetID = BB7B8668188E0EA500D0AFA4;
					};
				};
			};
			buildConfigurationList = BB7B8664188E0EA500D0AFA4 /* Build configuration list for PBXProject "MyFirstApp" */;
			compatibilityVersion = "Xcode 3.2";
			developmentRegion = English;
			hasScannedForEncodings = 0;
			knownRegions = (
				en,
				Base,
			);
			mainGroup = BB7B8660188E0EA500D0AFA4;
			productRefGroup = BB7B866A188E0EA500D0AFA4 /* Products */;
			projectDirPath = "";
			projectRoot = "";
			targets = (
				BB7B8668188E0EA500D0AFA4 /* MyFirstApp */,
				BB7B8689188E0EA500D0AFA4 /* MyFirstAppTests */,
			);
		};
/* End PBXProject section */

/* Begin PBXResourcesBuildPhase section */
		BB7B8667188E0EA500D0AFA4 /* Resources */ = {
			isa = PBXResourcesBuildPhase;
			buildActionMask = 2147483647;
			files = (
				BB7B8685188E0EA500D0AFA4 /* Images.xcassets in Resources */,
				BB7B8677188E0EA500D0AFA4 /* InfoPlist.strings in Resources */,
				BB7B8680188E0EA500D0AFA4 /* Main.storyboard in Resources */,
			);
			runOnlyForDeploymentPostprocessing = 0;
		};
		BB7B8688188E0EA500D0AFA4 /* Resources */ = {
			isa = PBXResourcesBuildPhase;
			buildActionMask = 2147483647;
			files = (
				BB7B8696188E0EA500D0AFA4 /* InfoPlist.strings in Resources */,
			);
			runOnlyForDeploymentPostprocessing = 0;
		};
/* End PBXResourcesBuildPhase section */

/* Begin PBXSourcesBuildPhase section */
		BB7B8665188E0EA500D0AFA4 /* Sources */ = {
			isa = PBXSourcesBuildPhase;
			buildActionMask = 2147483647;
			files = (
				BB7B8683188E0EA500D0AFA4 /* MyFirstAppViewController.m in Sources */,
				BB7B8679188E0EA500D0AFA4 /* main.m in Sources */,
				BB7B867D188E0EA500D0AFA4 /* MyFirstAppAppDelegate.m in Sources */,
			);
			runOnlyForDeploymentPostprocessing = 0;
		};
		BB7B8686188E0EA500D0AFA4 /* Sources */ = {
			isa = PBXSourcesBuildPhase;
			buildActionMask = 2147483647;
			files = (
				BB7B8698188E0EA500D0AFA4 /* MyFirstAppTests.m in Sources */,
			);
			runOnlyForDeploymentPostprocessing = 0;
		};
/* End PBXSourcesBuildPhase section */

/* Begin PBXTargetDependency section */
		BB7B8690188E0EA500D0AFA4 /* PBXTargetDependency */ = {
			isa = PBXTargetDependency;
			target = BB7B8668188E0EA500D0AFA4 /* MyFirstApp */;
			targetProxy = BB7B868F188E0EA500D0AFA4 /* PBXContainerItemProxy */;
		};
/* End PBXTargetDependency section */

/* Begin PBXVariantGroup section */
		BB7B8675188E0EA500D0AFA4 /* InfoPlist.strings */ = {
			isa = PBXVariantGroup;
			children = (
				BB7B8676188E0EA500D0AFA4 /* en */,
			);
			name = InfoPlist.strings;
			sourceTree = "<group>";
		};
		BB7B867E188E0EA500D0AFA4 /* Main.storyboard */ = {
			isa = PBXVariantGroup;
			children = (
				BB7B867F188E0EA500D0AFA4 /* Base */,
			);
			name = Main.storyboard;
			sourceTree = "<group>";
		};
		BB7B8694188E0EA500D0AFA4 /* InfoPlist.strings */ = {
			isa = PBXVariantGroup;
			children = (
				BB7B8695188E0EA500D0AFA4 /* en */,
			);
			name = InfoPlist.strings;
			sourceTree = "<group>";
		};
/* End PBXVariantGroup section */

/* Begin XCBuildConfiguration section */
		BB7B8699188E0EA500D0AFA4 /* Debug */ = {
			isa = XCBuildConfiguration;
			buildSettings = {
				ALWAYS_SEARCH_USER_PATHS = NO;
				ARCHS = "$(ARCHS_STANDARD_INCLUDING_64_BIT)";
				CLANG_CXX_LANGUAGE_STANDARD = "gnu++0x";
				CLANG_CXX_LIBRARY = "libc++";
				CLANG_ENABLE_MODULES = YES;
				CLANG_ENABLE_OBJC_ARC = YES;
				CLANG_WARN_BOOL_CONVERSION = YES;
				CLANG_WARN_CONSTANT_CONVERSION = YES;
				CLANG_WARN_DIRECT_OBJC_ISA_USAGE = YES_ERROR;
				CLANG_WARN_EMPTY_BODY = YES;
				CLANG_WARN_ENUM_CONVERSION = YES;
				CLANG_WARN_INT_CONVERSION = YES;
				CLANG_WARN_OBJC_ROOT_CLASS = YES_ERROR;
				CLANG_WARN__DUPLICATE_METHOD_MATCH = YES;
				"CODE_SIGN_IDENTITY[sdk=iphoneos*]" = "iPhone Developer";
				COPY_PHASE_STRIP = NO;
				GCC_C_LANGUAGE_STANDARD = gnu99;
				GCC_DYNAMIC_NO_PIC = NO;
				GCC_OPTIMIZATION_LEVEL = 0;
				GCC_PREPROCESSOR_DEFINITIONS = (
					"DEBUG=1",
					"$(inherited)",
				);
				GCC_SYMBOLS_PRIVATE_EXTERN = NO;
				GCC_WARN_64_TO_32_BIT_CONVERSION = YES;
				GCC_WARN_ABOUT_RETURN_TYPE = YES_ERROR;
				GCC_WARN_UNDECLARED_SELECTOR = YES;
				GCC_WARN_UNINITIALIZED_AUTOS = YES;
				GCC_WARN_UNUSED_FUNCTION = YES;
				GCC_WARN_UNUSED_VARIABLE = YES;
				IPHONEOS_DEPLOYMENT_TARGET = 7.0;
				ONLY_ACTIVE_ARCH = YES;
				SDKROOT = iphoneos;
			};
			name = Debug;
		};
		BB7B869A188E0EA500D0AFA4 /* Release */ = {
			isa = XCBuildConfiguration;
			buildSettings = {
				ALWAYS_SEARCH_USER_PATHS = NO;
				ARCHS = "$(ARCHS_STANDARD_INCLUDING_64_BIT)";
				CLANG_CXX_LANGUAGE_STANDARD = "gnu++0x";
				CLANG_CXX_LIBRARY = "libc++";
				CLANG_ENABLE_MODULES = YES;
				CLANG_ENABLE_OBJC_ARC = YES;
				CLANG_WARN_BOOL_CONVERSION = YES;
				CLANG_WARN_CONSTANT_CONVERSION = YES;
				CLANG_WARN_DIRECT_OBJC_ISA_USAGE = YES_ERROR;
				CLANG_WARN_EMPTY_BODY = YES;
				CLANG_WARN_ENUM_CONVERSION = YES;
				CLANG_WARN_INT_CONVERSION = YES;
				CLANG_WARN_OBJC_ROOT_CLASS = YES_ERROR;
				CLANG_WARN__DUPLICATE_METHOD_MATCH = YES;
				"CODE_SIGN_IDENTITY[sdk=iphoneos*]" = "iPhone Developer";
				COPY_PHASE_STRIP = YES;
				ENABLE_NS_ASSERTIONS = NO;
				GCC_C_LANGUAGE_STANDARD = gnu99;
				GCC_WARN_64_TO_32_BIT_CONVERSION = YES;
				GCC_WARN_ABOUT_RETURN_TYPE = YES_ERROR;
				GCC_WARN_UNDECLARED_SELECTOR = YES;
				GCC_WARN_UNINITIALIZED_AUTOS = YES;
				GCC_WARN_UNUSED_FUNCTION = YES;
				GCC_WARN_UNUSED_VARIABLE = YES;
				IPHONEOS_DEPLOYMENT_TARGET = 7.0;
				SDKROOT = iphoneos;
				VALIDATE_PRODUCT = YES;
			};
			name = Release;
		};
		BB7B869C188E0EA500D0AFA4 /* Debug */ = {
			isa = XCBuildConfiguration;
			buildSettings = {
				ASSETCATALOG_COMPILER_APPICON_NAME = AppIcon;
				ASSETCATALOG_COMPILER_LAUNCHIMAGE_NAME = LaunchImage;
				GCC_PRECOMPILE_PREFIX_HEADER = YES;
				GCC_PREFIX_HEADER = "MyFirstApp/MyFirstApp-Prefix.pch";
				INFOPLIST_FILE = "MyFirstApp/MyFirstApp-Info.plist";
				PRODUCT_NAME = "$(TARGET_NAME)";
				WRAPPER_EXTENSION = app;
			};
			name = Debug;
		};
		BB7B869D188E0EA500D0AFA4 /* Release */ = {
			isa = XCBuildConfiguration;
			buildSettings = {
				ASSETCATALOG_COMPILER_APPICON_NAME = AppIcon;
				ASSETCATALOG_COMPILER_LAUNCHIMAGE_NAME = LaunchImage;
				GCC_PRECOMPILE_PREFIX_HEADER = YES;
				GCC_PREFIX_HEADER = "MyFirstApp/MyFirstApp-Prefix.pch";
				INFOPLIST_FILE = "MyFirstApp/MyFirstApp-Info.plist";
				PRODUCT_NAME = "$(TARGET_NAME)";
				WRAPPER_EXTENSION = app;
			};
			name = Release;
		};
		BB7B869F188E0EA500D0AFA4 /* Debug */ = {
			isa = XCBuildConfiguration;
			buildSettings = {
				ARCHS = "$(ARCHS_STANDARD_INCLUDING_64_BIT)";
				BUNDLE_LOADER = "$(BUILT_PRODUCTS_DIR)/MyFirstApp.app/MyFirstApp";
				FRAMEWORK_SEARCH_PATHS = (
					"$(SDKROOT)/Developer/Library/Frameworks",
					"$(inherited)",
					"$(DEVELOPER_FRAMEWORKS_DIR)",
				);
				GCC_PRECOMPILE_PREFIX_HEADER = YES;
				GCC_PREFIX_HEADER = "MyFirstApp/MyFirstApp-Prefix.pch";
				GCC_PREPROCESSOR_DEFINITIONS = (
					"DEBUG=1",
					"$(inherited)",
				);
				INFOPLIST_FILE = "MyFirstAppTests/MyFirstAppTests-Info.plist";
				PRODUCT_NAME = "$(TARGET_NAME)";
				TEST_HOST = "$(BUNDLE_LOADER)";
				WRAPPER_EXTENSION = xctest;
			};
			name = Debug;
		};
		BB7B86A0188E0EA500D0AFA4 /* Release */ = {
			isa = XCBuildConfiguration;
			buildSettings = {
				ARCHS = "$(ARCHS_STANDARD_INCLUDING_64_BIT)";
				BUNDLE_LOADER = "$(BUILT_PRODUCTS_DIR)/MyFirstApp.app/MyFirstApp";
				FRAMEWORK_SEARCH_PATHS = (
					"$(SDKROOT)/Developer/Library/Frameworks",
					"$(inherited)",
					"$(DEVELOPER_FRAMEWORKS_DIR)",
				);
				GCC_PRECOMPILE_PREFIX_HEADER = YES;
				GCC_PREFIX_HEADER = "MyFirstApp/MyFirstApp-Prefix.pch";
				INFOPLIST_FILE = "MyFirstAppTests/MyFirstAppTests-Info.plist";
				PRODUCT_NAME = "$(TARGET_NAME)";
				TEST_HOST = "$(BUNDLE_LOADER)";
				WRAPPER_EXTENSION = xctest;
			};
			name = Release;
		};
/* End XCBuildConfiguration section */

/* Begin XCConfigurationList section */
		BB7B8664188E0EA500D0AFA4 /* Build configuration list for PBXProject "MyFirstApp" */ = {
			isa = XCConfigurationList;
			buildConfigurations = (
				BB7B8699188E0EA500D0AFA4 /* Debug */,
				BB7B869A188E0EA500D0AFA4 /* Release */,
			);
			defaultConfigurationIsVisible = 0;
			defaultConfigurationName = Release;
		};
		BB7B869B188E0EA500D0AFA4 /* Build configuration list for PBXNativeTarget "MyFirstApp" */ = {
			isa = XCConfigurationList;
			buildConfigurations = (
				BB7B869C188E0EA500D0AFA4 /* Debug */,
				BB7B869D188E0EA500D0AFA4 /* Release */,
			);
			defaultConfigurationIsVisible = 0;
		};
		BB7B869E188E0EA500D0AFA4 /* Build configuration list for PBXNativeTarget "MyFirstAppTests" */ = {
			isa = XCConfigurationList;
			buildConfigurations = (
				BB7B869F188E0EA500D0AFA4 /* Debug */,
				BB7B86A0188E0EA500D0AFA4 /* Release */,
			);
			defaultConfigurationIsVisible = 0;
		};
/* End XCConfigurationList section */
	};
	rootObject = BB7B8661188E0EA500D0AFA4 /* Project object */;
}
